{
  "requires": true,
  "lockfileVersion": 1,
  "dependencies": {
    "76wenshu": {
      "version": "0.0.1",
      "resolved": "https://registry.npmjs.org/76wenshu/-/76wenshu-0.0.1.tgz",
      "integrity": "sha512-jHnGjEuJQOUpHGVCorcz0Mt+CDNhkSl6RDpNO0jKhPiesdtXG6/92wPuuYcXkPaeG8OOXGhCCtqebOvVyP6kpA=="
    }
  }
}
